
Microsoft Visual Studio Solution File, Format Version 12.00
# Visual Studio 15
VisualStudioVersion = 15.0.27703.2000
MinimumVisualStudioVersion = 10.0.40219.1
Project("{FAE04EC0-301F-11D3-BF4B-00C04F79EFBC}") = "Pulsarr", "Pulsarr\Pulsarr.csproj", "{3BB94BFD-042B-45A1-AEF6-60916CCC942B}"
EndProject
Global
	GlobalSection(SolutionConfigurationPlatforms) = preSolution
		Debug|Any CPU = Debug|Any CPU
		Release|Any CPU = Release|Any CPU
	EndGlobalSection
	GlobalSection(ProjectConfigurationPlatforms) = postSolution
		{3BB94BFD-042B-45A1-AEF6-60916CCC942B}.Debug|Any CPU.ActiveCfg = Debug|Any CPU
		{3BB94BFD-042B-45A1-AEF6-60916CCC942B}.Debug|Any CPU.Build.0 = Debug|Any CPU
		{3BB94BFD-042B-45A1-AEF6-60916CCC942B}.Release|Any CPU.ActiveCfg = Release|Any CPU
		{3BB94BFD-042B-45A1-AEF6-60916CCC942B}.Release|Any CPU.Build.0 = Release|Any CPU
	EndGlobalSection
	GlobalSection(SolutionProperties) = preSolution
		HideSolutionNode = FALSE
	EndGlobalSection
	GlobalSection(ExtensibilityGlobals) = postSolution
		SolutionGuid = {603365B5-2ED4-4079-A484-0962315FF132}
	EndGlobalSection
EndGlobal
