
Microsoft Visual Studio Solution File, Format Version 12.00
# Visual Studio 15
VisualStudioVersion = 15.0.27703.2026
MinimumVisualStudioVersion = 10.0.40219.1
Project("{9A19103F-16F7-4668-BE54-9A1E7A4F7556}") = "Pulsarr", "Pulsarr\Pulsarr.csproj", "{F88FD2BF-3664-4E86-BE5C-F5960807D8EF}"
EndProject
Global
	GlobalSection(SolutionConfigurationPlatforms) = preSolution
		Debug|Any CPU = Debug|Any CPU
		Release|Any CPU = Release|Any CPU
	EndGlobalSection
	GlobalSection(ProjectConfigurationPlatforms) = postSolution
		{F88FD2BF-3664-4E86-BE5C-F5960807D8EF}.Debug|Any CPU.ActiveCfg = Debug|Any CPU
		{F88FD2BF-3664-4E86-BE5C-F5960807D8EF}.Debug|Any CPU.Build.0 = Debug|Any CPU
		{F88FD2BF-3664-4E86-BE5C-F5960807D8EF}.Release|Any CPU.ActiveCfg = Release|Any CPU
		{F88FD2BF-3664-4E86-BE5C-F5960807D8EF}.Release|Any CPU.Build.0 = Release|Any CPU
	EndGlobalSection
	GlobalSection(SolutionProperties) = preSolution
		HideSolutionNode = FALSE
	EndGlobalSection
	GlobalSection(ExtensibilityGlobals) = postSolution
		SolutionGuid = {674315BE-23BC-4A0A-9B29-48CCE900B019}
	EndGlobalSection
EndGlobal
